
Microsoft Visual Studio Solution File, Format Version 12.00
# Visual Studio 15
VisualStudioVersion = 15.0.28307.1062
MinimumVisualStudioVersion = 10.0.40219.1
Project("{9A19103F-16F7-4668-BE54-9A1E7A4F7556}") = "RemoteNotes.Service.Client", "RemoteNotes.Service.Client\RemoteNotes.Service.Client.csproj", "{A5E2F589-A135-4EEF-89F4-98E219DFDB38}"
EndProject
Project("{FAE04EC0-301F-11D3-BF4B-00C04F79EFBC}") = "RemoteNotes.Service.Client.Stub", "RemoteNotes.Service.Client.Stub\RemoteNotes.Service.Client.Stub.csproj", "{C7F8A508-9976-4819-AC9D-DD2FAEEBC7B8}"
EndProject
Project("{9A19103F-16F7-4668-BE54-9A1E7A4F7556}") = "RemoteNotes.Service.Client.Contract", "RemoteNotes.Service.Clien.Contract\RemoteNotes.Service.Client.Contract.csproj", "{D49F9A37-9B75-432D-BAE8-6DBD260B273D}"
EndProject
Project("{9A19103F-16F7-4668-BE54-9A1E7A4F7556}") = "RemoteNotes.Service.Domain", "RemoteNotes.Service.Domain\RemoteNotes.Service.Domain.csproj", "{F5B374FA-AD14-479E-8233-65F8D7C074AD}"
EndProject
Project("{9A19103F-16F7-4668-BE54-9A1E7A4F7556}") = "RemoteNotes.Core", "RemoteNotes.Core\RemoteNotes.Core.csproj", "{66EFC42D-2551-4624-B53D-3AE9498923F9}"
EndProject
Project("{9A19103F-16F7-4668-BE54-9A1E7A4F7556}") = "RemoteNotes.Service", "RemoteNotes.Service\RemoteNotes.Service.csproj", "{B81AF86B-006E-4329-A26A-AB175A5A047A}"
EndProject
Project("{9A19103F-16F7-4668-BE54-9A1E7A4F7556}") = "RemoteNotes.UI.ViewModels", "RemoteNotes.UI.ViewModels\RemoteNotes.UI.ViewModels.csproj", "{E0F9FA11-9FDB-477D-B217-C2A46B0B2081}"
EndProject
Project("{FAE04EC0-301F-11D3-BF4B-00C04F79EFBC}") = "RemoteNotes.App", "RemoteNotes.App\RemoteNotes.App.csproj", "{4245689F-3DF7-448C-8F18-C7460C464C01}"
EndProject
Project("{2150E333-8FDC-42A3-9474-1A3956D46DE8}") = "App", "App", "{60A27B8B-EFEB-487D-B9F2-29182E6A31BE}"
EndProject
Project("{FAE04EC0-301F-11D3-BF4B-00C04F79EFBC}") = "RemoteNotes.UI.Android", "RemoteNotes.UI.Android\RemoteNotes.UI.Android.csproj", "{2EAC0393-91DE-40D3-8BD2-DFADF3450537}"
	ProjectSection(ProjectDependencies) = postProject
		{4245689F-3DF7-448C-8F18-C7460C464C01} = {4245689F-3DF7-448C-8F18-C7460C464C01}
	EndProjectSection
EndProject
Project("{FAE04EC0-301F-11D3-BF4B-00C04F79EFBC}") = "RemoteNotes.UI.iOS", "RemoteNotes.UI.iOS\RemoteNotes.UI.iOS.csproj", "{EBB07702-D92B-4534-836E-97CB04CD511C}"
	ProjectSection(ProjectDependencies) = postProject
		{4245689F-3DF7-448C-8F18-C7460C464C01} = {4245689F-3DF7-448C-8F18-C7460C464C01}
	EndProjectSection
EndProject
Project("{9A19103F-16F7-4668-BE54-9A1E7A4F7556}") = "RemoteNotes.UI", "RemoteNotes.UI\RemoteNotes.UI.csproj", "{2D8B7E3B-59B9-4395-9A45-01B514DA8E72}"
EndProject
Project("{2150E333-8FDC-42A3-9474-1A3956D46DE8}") = "Tests", "Tests", "{AD35610F-5762-40BF-97D3-F3E92C9F83A9}"
EndProject
Project("{FAE04EC0-301F-11D3-BF4B-00C04F79EFBC}") = "RemoteNotes.Tests.Unit", "RemoteNotes.Tests.Unit\RemoteNotes.Tests.Unit.csproj", "{BA4D4936-A08C-4DA4-8C5D-2A35BB679971}"
EndProject
Global
	GlobalSection(SolutionConfigurationPlatforms) = preSolution
		Ad-Hoc|Any CPU = Ad-Hoc|Any CPU
		Ad-Hoc|iPhone = Ad-Hoc|iPhone
		Ad-Hoc|iPhoneSimulator = Ad-Hoc|iPhoneSimulator
		AppStore|Any CPU = AppStore|Any CPU
		AppStore|iPhone = AppStore|iPhone
		AppStore|iPhoneSimulator = AppStore|iPhoneSimulator
		Debug|Any CPU = Debug|Any CPU
		Debug|iPhone = Debug|iPhone
		Debug|iPhoneSimulator = Debug|iPhoneSimulator
		Release|Any CPU = Release|Any CPU
		Release|iPhone = Release|iPhone
		Release|iPhoneSimulator = Release|iPhoneSimulator
	EndGlobalSection
	GlobalSection(ProjectConfigurationPlatforms) = postSolution
		{A5E2F589-A135-4EEF-89F4-98E219DFDB38}.Ad-Hoc|Any CPU.ActiveCfg = Debug|Any CPU
		{A5E2F589-A135-4EEF-89F4-98E219DFDB38}.Ad-Hoc|Any CPU.Build.0 = Debug|Any CPU
		{A5E2F589-A135-4EEF-89F4-98E219DFDB38}.Ad-Hoc|iPhone.ActiveCfg = Debug|Any CPU
		{A5E2F589-A135-4EEF-89F4-98E219DFDB38}.Ad-Hoc|iPhone.Build.0 = Debug|Any CPU
		{A5E2F589-A135-4EEF-89F4-98E219DFDB38}.Ad-Hoc|iPhoneSimulator.ActiveCfg = Debug|Any CPU
		{A5E2F589-A135-4EEF-89F4-98E219DFDB38}.Ad-Hoc|iPhoneSimulator.Build.0 = Debug|Any CPU
		{A5E2F589-A135-4EEF-89F4-98E219DFDB38}.AppStore|Any CPU.ActiveCfg = Debug|Any CPU
		{A5E2F589-A135-4EEF-89F4-98E219DFDB38}.AppStore|Any CPU.Build.0 = Debug|Any CPU
		{A5E2F589-A135-4EEF-89F4-98E219DFDB38}.AppStore|iPhone.ActiveCfg = Debug|Any CPU
		{A5E2F589-A135-4EEF-89F4-98E219DFDB38}.AppStore|iPhone.Build.0 = Debug|Any CPU
		{A5E2F589-A135-4EEF-89F4-98E219DFDB38}.AppStore|iPhoneSimulator.ActiveCfg = Debug|Any CPU
		{A5E2F589-A135-4EEF-89F4-98E219DFDB38}.AppStore|iPhoneSimulator.Build.0 = Debug|Any CPU
		{A5E2F589-A135-4EEF-89F4-98E219DFDB38}.Debug|Any CPU.ActiveCfg = Debug|Any CPU
		{A5E2F589-A135-4EEF-89F4-98E219DFDB38}.Debug|Any CPU.Build.0 = Debug|Any CPU
		{A5E2F589-A135-4EEF-89F4-98E219DFDB38}.Debug|iPhone.ActiveCfg = Debug|Any CPU
		{A5E2F589-A135-4EEF-89F4-98E219DFDB38}.Debug|iPhone.Build.0 = Debug|Any CPU
		{A5E2F589-A135-4EEF-89F4-98E219DFDB38}.Debug|iPhoneSimulator.ActiveCfg = Debug|Any CPU
		{A5E2F589-A135-4EEF-89F4-98E219DFDB38}.Debug|iPhoneSimulator.Build.0 = Debug|Any CPU
		{A5E2F589-A135-4EEF-89F4-98E219DFDB38}.Release|Any CPU.ActiveCfg = Release|Any CPU
		{A5E2F589-A135-4EEF-89F4-98E219DFDB38}.Release|Any CPU.Build.0 = Release|Any CPU
		{A5E2F589-A135-4EEF-89F4-98E219DFDB38}.Release|iPhone.ActiveCfg = Release|Any CPU
		{A5E2F589-A135-4EEF-89F4-98E219DFDB38}.Release|iPhone.Build.0 = Release|Any CPU
		{A5E2F589-A135-4EEF-89F4-98E219DFDB38}.Release|iPhoneSimulator.ActiveCfg = Release|Any CPU
		{A5E2F589-A135-4EEF-89F4-98E219DFDB38}.Release|iPhoneSimulator.Build.0 = Release|Any CPU
		{C7F8A508-9976-4819-AC9D-DD2FAEEBC7B8}.Ad-Hoc|Any CPU.ActiveCfg = Debug|Any CPU
		{C7F8A508-9976-4819-AC9D-DD2FAEEBC7B8}.Ad-Hoc|Any CPU.Build.0 = Debug|Any CPU
		{C7F8A508-9976-4819-AC9D-DD2FAEEBC7B8}.Ad-Hoc|iPhone.ActiveCfg = Debug|Any CPU
		{C7F8A508-9976-4819-AC9D-DD2FAEEBC7B8}.Ad-Hoc|iPhone.Build.0 = Debug|Any CPU
		{C7F8A508-9976-4819-AC9D-DD2FAEEBC7B8}.Ad-Hoc|iPhoneSimulator.ActiveCfg = Debug|Any CPU
		{C7F8A508-9976-4819-AC9D-DD2FAEEBC7B8}.Ad-Hoc|iPhoneSimulator.Build.0 = Debug|Any CPU
		{C7F8A508-9976-4819-AC9D-DD2FAEEBC7B8}.AppStore|Any CPU.ActiveCfg = Debug|Any CPU
		{C7F8A508-9976-4819-AC9D-DD2FAEEBC7B8}.AppStore|Any CPU.Build.0 = Debug|Any CPU
		{C7F8A508-9976-4819-AC9D-DD2FAEEBC7B8}.AppStore|iPhone.ActiveCfg = Debug|Any CPU
		{C7F8A508-9976-4819-AC9D-DD2FAEEBC7B8}.AppStore|iPhone.Build.0 = Debug|Any CPU
		{C7F8A508-9976-4819-AC9D-DD2FAEEBC7B8}.AppStore|iPhoneSimulator.ActiveCfg = Debug|Any CPU
		{C7F8A508-9976-4819-AC9D-DD2FAEEBC7B8}.AppStore|iPhoneSimulator.Build.0 = Debug|Any CPU
		{C7F8A508-9976-4819-AC9D-DD2FAEEBC7B8}.Debug|Any CPU.ActiveCfg = Debug|Any CPU
		{C7F8A508-9976-4819-AC9D-DD2FAEEBC7B8}.Debug|Any CPU.Build.0 = Debug|Any CPU
		{C7F8A508-9976-4819-AC9D-DD2FAEEBC7B8}.Debug|iPhone.ActiveCfg = Debug|Any CPU
		{C7F8A508-9976-4819-AC9D-DD2FAEEBC7B8}.Debug|iPhone.Build.0 = Debug|Any CPU
		{C7F8A508-9976-4819-AC9D-DD2FAEEBC7B8}.Debug|iPhoneSimulator.ActiveCfg = Debug|Any CPU
		{C7F8A508-9976-4819-AC9D-DD2FAEEBC7B8}.Debug|iPhoneSimulator.Build.0 = Debug|Any CPU
		{C7F8A508-9976-4819-AC9D-DD2FAEEBC7B8}.Release|Any CPU.ActiveCfg = Release|Any CPU
		{C7F8A508-9976-4819-AC9D-DD2FAEEBC7B8}.Release|Any CPU.Build.0 = Release|Any CPU
		{C7F8A508-9976-4819-AC9D-DD2FAEEBC7B8}.Release|iPhone.ActiveCfg = Release|Any CPU
		{C7F8A508-9976-4819-AC9D-DD2FAEEBC7B8}.Release|iPhone.Build.0 = Release|Any CPU
		{C7F8A508-9976-4819-AC9D-DD2FAEEBC7B8}.Release|iPhoneSimulator.ActiveCfg = Release|Any CPU
		{C7F8A508-9976-4819-AC9D-DD2FAEEBC7B8}.Release|iPhoneSimulator.Build.0 = Release|Any CPU
		{D49F9A37-9B75-432D-BAE8-6DBD260B273D}.Ad-Hoc|Any CPU.ActiveCfg = Debug|Any CPU
		{D49F9A37-9B75-432D-BAE8-6DBD260B273D}.Ad-Hoc|Any CPU.Build.0 = Debug|Any CPU
		{D49F9A37-9B75-432D-BAE8-6DBD260B273D}.Ad-Hoc|iPhone.ActiveCfg = Debug|Any CPU
		{D49F9A37-9B75-432D-BAE8-6DBD260B273D}.Ad-Hoc|iPhone.Build.0 = Debug|Any CPU
		{D49F9A37-9B75-432D-BAE8-6DBD260B273D}.Ad-Hoc|iPhoneSimulator.ActiveCfg = Debug|Any CPU
		{D49F9A37-9B75-432D-BAE8-6DBD260B273D}.Ad-Hoc|iPhoneSimulator.Build.0 = Debug|Any CPU
		{D49F9A37-9B75-432D-BAE8-6DBD260B273D}.AppStore|Any CPU.ActiveCfg = Debug|Any CPU
		{D49F9A37-9B75-432D-BAE8-6DBD260B273D}.AppStore|Any CPU.Build.0 = Debug|Any CPU
		{D49F9A37-9B75-432D-BAE8-6DBD260B273D}.AppStore|iPhone.ActiveCfg = Debug|Any CPU
		{D49F9A37-9B75-432D-BAE8-6DBD260B273D}.AppStore|iPhone.Build.0 = Debug|Any CPU
		{D49F9A37-9B75-432D-BAE8-6DBD260B273D}.AppStore|iPhoneSimulator.ActiveCfg = Debug|Any CPU
		{D49F9A37-9B75-432D-BAE8-6DBD260B273D}.AppStore|iPhoneSimulator.Build.0 = Debug|Any CPU
		{D49F9A37-9B75-432D-BAE8-6DBD260B273D}.Debug|Any CPU.ActiveCfg = Debug|Any CPU
		{D49F9A37-9B75-432D-BAE8-6DBD260B273D}.Debug|Any CPU.Build.0 = Debug|Any CPU
		{D49F9A37-9B75-432D-BAE8-6DBD260B273D}.Debug|iPhone.ActiveCfg = Debug|Any CPU
		{D49F9A37-9B75-432D-BAE8-6DBD260B273D}.Debug|iPhone.Build.0 = Debug|Any CPU
		{D49F9A37-9B75-432D-BAE8-6DBD260B273D}.Debug|iPhoneSimulator.ActiveCfg = Debug|Any CPU
		{D49F9A37-9B75-432D-BAE8-6DBD260B273D}.Debug|iPhoneSimulator.Build.0 = Debug|Any CPU
		{D49F9A37-9B75-432D-BAE8-6DBD260B273D}.Release|Any CPU.ActiveCfg = Release|Any CPU
		{D49F9A37-9B75-432D-BAE8-6DBD260B273D}.Release|Any CPU.Build.0 = Release|Any CPU
		{D49F9A37-9B75-432D-BAE8-6DBD260B273D}.Release|iPhone.ActiveCfg = Release|Any CPU
		{D49F9A37-9B75-432D-BAE8-6DBD260B273D}.Release|iPhone.Build.0 = Release|Any CPU
		{D49F9A37-9B75-432D-BAE8-6DBD260B273D}.Release|iPhoneSimulator.ActiveCfg = Release|Any CPU
		{D49F9A37-9B75-432D-BAE8-6DBD260B273D}.Release|iPhoneSimulator.Build.0 = Release|Any CPU
		{F5B374FA-AD14-479E-8233-65F8D7C074AD}.Ad-Hoc|Any CPU.ActiveCfg = Debug|Any CPU
		{F5B374FA-AD14-479E-8233-65F8D7C074AD}.Ad-Hoc|Any CPU.Build.0 = Debug|Any CPU
		{F5B374FA-AD14-479E-8233-65F8D7C074AD}.Ad-Hoc|iPhone.ActiveCfg = Debug|Any CPU
		{F5B374FA-AD14-479E-8233-65F8D7C074AD}.Ad-Hoc|iPhone.Build.0 = Debug|Any CPU
		{F5B374FA-AD14-479E-8233-65F8D7C074AD}.Ad-Hoc|iPhoneSimulator.ActiveCfg = Debug|Any CPU
		{F5B374FA-AD14-479E-8233-65F8D7C074AD}.Ad-Hoc|iPhoneSimulator.Build.0 = Debug|Any CPU
		{F5B374FA-AD14-479E-8233-65F8D7C074AD}.AppStore|Any CPU.ActiveCfg = Debug|Any CPU
		{F5B374FA-AD14-479E-8233-65F8D7C074AD}.AppStore|Any CPU.Build.0 = Debug|Any CPU
		{F5B374FA-AD14-479E-8233-65F8D7C074AD}.AppStore|iPhone.ActiveCfg = Debug|Any CPU
		{F5B374FA-AD14-479E-8233-65F8D7C074AD}.AppStore|iPhone.Build.0 = Debug|Any CPU
		{F5B374FA-AD14-479E-8233-65F8D7C074AD}.AppStore|iPhoneSimulator.ActiveCfg = Debug|Any CPU
		{F5B374FA-AD14-479E-8233-65F8D7C074AD}.AppStore|iPhoneSimulator.Build.0 = Debug|Any CPU
		{F5B374FA-AD14-479E-8233-65F8D7C074AD}.Debug|Any CPU.ActiveCfg = Debug|Any CPU
		{F5B374FA-AD14-479E-8233-65F8D7C074AD}.Debug|Any CPU.Build.0 = Debug|Any CPU
		{F5B374FA-AD14-479E-8233-65F8D7C074AD}.Debug|iPhone.ActiveCfg = Debug|Any CPU
		{F5B374FA-AD14-479E-8233-65F8D7C074AD}.Debug|iPhone.Build.0 = Debug|Any CPU
		{F5B374FA-AD14-479E-8233-65F8D7C074AD}.Debug|iPhoneSimulator.ActiveCfg = Debug|Any CPU
		{F5B374FA-AD14-479E-8233-65F8D7C074AD}.Debug|iPhoneSimulator.Build.0 = Debug|Any CPU
		{F5B374FA-AD14-479E-8233-65F8D7C074AD}.Release|Any CPU.ActiveCfg = Release|Any CPU
		{F5B374FA-AD14-479E-8233-65F8D7C074AD}.Release|Any CPU.Build.0 = Release|Any CPU
		{F5B374FA-AD14-479E-8233-65F8D7C074AD}.Release|iPhone.ActiveCfg = Release|Any CPU
		{F5B374FA-AD14-479E-8233-65F8D7C074AD}.Release|iPhone.Build.0 = Release|Any CPU
		{F5B374FA-AD14-479E-8233-65F8D7C074AD}.Release|iPhoneSimulator.ActiveCfg = Release|Any CPU
		{F5B374FA-AD14-479E-8233-65F8D7C074AD}.Release|iPhoneSimulator.Build.0 = Release|Any CPU
		{66EFC42D-2551-4624-B53D-3AE9498923F9}.Ad-Hoc|Any CPU.ActiveCfg = Debug|Any CPU
		{66EFC42D-2551-4624-B53D-3AE9498923F9}.Ad-Hoc|Any CPU.Build.0 = Debug|Any CPU
		{66EFC42D-2551-4624-B53D-3AE9498923F9}.Ad-Hoc|iPhone.ActiveCfg = Debug|Any CPU
		{66EFC42D-2551-4624-B53D-3AE9498923F9}.Ad-Hoc|iPhone.Build.0 = Debug|Any CPU
		{66EFC42D-2551-4624-B53D-3AE9498923F9}.Ad-Hoc|iPhoneSimulator.ActiveCfg = Debug|Any CPU
		{66EFC42D-2551-4624-B53D-3AE9498923F9}.Ad-Hoc|iPhoneSimulator.Build.0 = Debug|Any CPU
		{66EFC42D-2551-4624-B53D-3AE9498923F9}.AppStore|Any CPU.ActiveCfg = Debug|Any CPU
		{66EFC42D-2551-4624-B53D-3AE9498923F9}.AppStore|Any CPU.Build.0 = Debug|Any CPU
		{66EFC42D-2551-4624-B53D-3AE9498923F9}.AppStore|iPhone.ActiveCfg = Debug|Any CPU
		{66EFC42D-2551-4624-B53D-3AE9498923F9}.AppStore|iPhone.Build.0 = Debug|Any CPU
		{66EFC42D-2551-4624-B53D-3AE9498923F9}.AppStore|iPhoneSimulator.ActiveCfg = Debug|Any CPU
		{66EFC42D-2551-4624-B53D-3AE9498923F9}.AppStore|iPhoneSimulator.Build.0 = Debug|Any CPU
		{66EFC42D-2551-4624-B53D-3AE9498923F9}.Debug|Any CPU.ActiveCfg = Debug|Any CPU
		{66EFC42D-2551-4624-B53D-3AE9498923F9}.Debug|Any CPU.Build.0 = Debug|Any CPU
		{66EFC42D-2551-4624-B53D-3AE9498923F9}.Debug|iPhone.ActiveCfg = Debug|Any CPU
		{66EFC42D-2551-4624-B53D-3AE9498923F9}.Debug|iPhone.Build.0 = Debug|Any CPU
		{66EFC42D-2551-4624-B53D-3AE9498923F9}.Debug|iPhoneSimulator.ActiveCfg = Debug|Any CPU
		{66EFC42D-2551-4624-B53D-3AE9498923F9}.Debug|iPhoneSimulator.Build.0 = Debug|Any CPU
		{66EFC42D-2551-4624-B53D-3AE9498923F9}.Release|Any CPU.ActiveCfg = Release|Any CPU
		{66EFC42D-2551-4624-B53D-3AE9498923F9}.Release|Any CPU.Build.0 = Release|Any CPU
		{66EFC42D-2551-4624-B53D-3AE9498923F9}.Release|iPhone.ActiveCfg = Release|Any CPU
		{66EFC42D-2551-4624-B53D-3AE9498923F9}.Release|iPhone.Build.0 = Release|Any CPU
		{66EFC42D-2551-4624-B53D-3AE9498923F9}.Release|iPhoneSimulator.ActiveCfg = Release|Any CPU
		{66EFC42D-2551-4624-B53D-3AE9498923F9}.Release|iPhoneSimulator.Build.0 = Release|Any CPU
		{B81AF86B-006E-4329-A26A-AB175A5A047A}.Ad-Hoc|Any CPU.ActiveCfg = Debug|Any CPU
		{B81AF86B-006E-4329-A26A-AB175A5A047A}.Ad-Hoc|Any CPU.Build.0 = Debug|Any CPU
		{B81AF86B-006E-4329-A26A-AB175A5A047A}.Ad-Hoc|iPhone.ActiveCfg = Debug|Any CPU
		{B81AF86B-006E-4329-A26A-AB175A5A047A}.Ad-Hoc|iPhone.Build.0 = Debug|Any CPU
		{B81AF86B-006E-4329-A26A-AB175A5A047A}.Ad-Hoc|iPhoneSimulator.ActiveCfg = Debug|Any CPU
		{B81AF86B-006E-4329-A26A-AB175A5A047A}.Ad-Hoc|iPhoneSimulator.Build.0 = Debug|Any CPU
		{B81AF86B-006E-4329-A26A-AB175A5A047A}.AppStore|Any CPU.ActiveCfg = Debug|Any CPU
		{B81AF86B-006E-4329-A26A-AB175A5A047A}.AppStore|Any CPU.Build.0 = Debug|Any CPU
		{B81AF86B-006E-4329-A26A-AB175A5A047A}.AppStore|iPhone.ActiveCfg = Debug|Any CPU
		{B81AF86B-006E-4329-A26A-AB175A5A047A}.AppStore|iPhone.Build.0 = Debug|Any CPU
		{B81AF86B-006E-4329-A26A-AB175A5A047A}.AppStore|iPhoneSimulator.ActiveCfg = Debug|Any CPU
		{B81AF86B-006E-4329-A26A-AB175A5A047A}.AppStore|iPhoneSimulator.Build.0 = Debug|Any CPU
		{B81AF86B-006E-4329-A26A-AB175A5A047A}.Debug|Any CPU.ActiveCfg = Debug|Any CPU
		{B81AF86B-006E-4329-A26A-AB175A5A047A}.Debug|Any CPU.Build.0 = Debug|Any CPU
		{B81AF86B-006E-4329-A26A-AB175A5A047A}.Debug|iPhone.ActiveCfg = Debug|Any CPU
		{B81AF86B-006E-4329-A26A-AB175A5A047A}.Debug|iPhone.Build.0 = Debug|Any CPU
		{B81AF86B-006E-4329-A26A-AB175A5A047A}.Debug|iPhoneSimulator.ActiveCfg = Debug|Any CPU
		{B81AF86B-006E-4329-A26A-AB175A5A047A}.Debug|iPhoneSimulator.Build.0 = Debug|Any CPU
		{B81AF86B-006E-4329-A26A-AB175A5A047A}.Release|Any CPU.ActiveCfg = Release|Any CPU
		{B81AF86B-006E-4329-A26A-AB175A5A047A}.Release|Any CPU.Build.0 = Release|Any CPU
		{B81AF86B-006E-4329-A26A-AB175A5A047A}.Release|iPhone.ActiveCfg = Release|Any CPU
		{B81AF86B-006E-4329-A26A-AB175A5A047A}.Release|iPhone.Build.0 = Release|Any CPU
		{B81AF86B-006E-4329-A26A-AB175A5A047A}.Release|iPhoneSimulator.ActiveCfg = Release|Any CPU
		{B81AF86B-006E-4329-A26A-AB175A5A047A}.Release|iPhoneSimulator.Build.0 = Release|Any CPU
		{E0F9FA11-9FDB-477D-B217-C2A46B0B2081}.Ad-Hoc|Any CPU.ActiveCfg = Debug|Any CPU
		{E0F9FA11-9FDB-477D-B217-C2A46B0B2081}.Ad-Hoc|Any CPU.Build.0 = Debug|Any CPU
		{E0F9FA11-9FDB-477D-B217-C2A46B0B2081}.Ad-Hoc|iPhone.ActiveCfg = Debug|Any CPU
		{E0F9FA11-9FDB-477D-B217-C2A46B0B2081}.Ad-Hoc|iPhone.Build.0 = Debug|Any CPU
		{E0F9FA11-9FDB-477D-B217-C2A46B0B2081}.Ad-Hoc|iPhoneSimulator.ActiveCfg = Debug|Any CPU
		{E0F9FA11-9FDB-477D-B217-C2A46B0B2081}.Ad-Hoc|iPhoneSimulator.Build.0 = Debug|Any CPU
		{E0F9FA11-9FDB-477D-B217-C2A46B0B2081}.AppStore|Any CPU.ActiveCfg = Debug|Any CPU
		{E0F9FA11-9FDB-477D-B217-C2A46B0B2081}.AppStore|Any CPU.Build.0 = Debug|Any CPU
		{E0F9FA11-9FDB-477D-B217-C2A46B0B2081}.AppStore|iPhone.ActiveCfg = Debug|Any CPU
		{E0F9FA11-9FDB-477D-B217-C2A46B0B2081}.AppStore|iPhone.Build.0 = Debug|Any CPU
		{E0F9FA11-9FDB-477D-B217-C2A46B0B2081}.AppStore|iPhoneSimulator.ActiveCfg = Debug|Any CPU
		{E0F9FA11-9FDB-477D-B217-C2A46B0B2081}.AppStore|iPhoneSimulator.Build.0 = Debug|Any CPU
		{E0F9FA11-9FDB-477D-B217-C2A46B0B2081}.Debug|Any CPU.ActiveCfg = Debug|Any CPU
		{E0F9FA11-9FDB-477D-B217-C2A46B0B2081}.Debug|Any CPU.Build.0 = Debug|Any CPU
		{E0F9FA11-9FDB-477D-B217-C2A46B0B2081}.Debug|iPhone.ActiveCfg = Debug|Any CPU
		{E0F9FA11-9FDB-477D-B217-C2A46B0B2081}.Debug|iPhone.Build.0 = Debug|Any CPU
		{E0F9FA11-9FDB-477D-B217-C2A46B0B2081}.Debug|iPhoneSimulator.ActiveCfg = Debug|Any CPU
		{E0F9FA11-9FDB-477D-B217-C2A46B0B2081}.Debug|iPhoneSimulator.Build.0 = Debug|Any CPU
		{E0F9FA11-9FDB-477D-B217-C2A46B0B2081}.Release|Any CPU.ActiveCfg = Release|Any CPU
		{E0F9FA11-9FDB-477D-B217-C2A46B0B2081}.Release|Any CPU.Build.0 = Release|Any CPU
		{E0F9FA11-9FDB-477D-B217-C2A46B0B2081}.Release|iPhone.ActiveCfg = Release|Any CPU
		{E0F9FA11-9FDB-477D-B217-C2A46B0B2081}.Release|iPhone.Build.0 = Release|Any CPU
		{E0F9FA11-9FDB-477D-B217-C2A46B0B2081}.Release|iPhoneSimulator.ActiveCfg = Release|Any CPU
		{E0F9FA11-9FDB-477D-B217-C2A46B0B2081}.Release|iPhoneSimulator.Build.0 = Release|Any CPU
		{4245689F-3DF7-448C-8F18-C7460C464C01}.Ad-Hoc|Any CPU.ActiveCfg = Debug|Any CPU
		{4245689F-3DF7-448C-8F18-C7460C464C01}.Ad-Hoc|Any CPU.Build.0 = Debug|Any CPU
		{4245689F-3DF7-448C-8F18-C7460C464C01}.Ad-Hoc|iPhone.ActiveCfg = Debug|Any CPU
		{4245689F-3DF7-448C-8F18-C7460C464C01}.Ad-Hoc|iPhone.Build.0 = Debug|Any CPU
		{4245689F-3DF7-448C-8F18-C7460C464C01}.Ad-Hoc|iPhoneSimulator.ActiveCfg = Debug|Any CPU
		{4245689F-3DF7-448C-8F18-C7460C464C01}.Ad-Hoc|iPhoneSimulator.Build.0 = Debug|Any CPU
		{4245689F-3DF7-448C-8F18-C7460C464C01}.AppStore|Any CPU.ActiveCfg = Debug|Any CPU
		{4245689F-3DF7-448C-8F18-C7460C464C01}.AppStore|Any CPU.Build.0 = Debug|Any CPU
		{4245689F-3DF7-448C-8F18-C7460C464C01}.AppStore|iPhone.ActiveCfg = Debug|Any CPU
		{4245689F-3DF7-448C-8F18-C7460C464C01}.AppStore|iPhone.Build.0 = Debug|Any CPU
		{4245689F-3DF7-448C-8F18-C7460C464C01}.AppStore|iPhoneSimulator.ActiveCfg = Debug|Any CPU
		{4245689F-3DF7-448C-8F18-C7460C464C01}.AppStore|iPhoneSimulator.Build.0 = Debug|Any CPU
		{4245689F-3DF7-448C-8F18-C7460C464C01}.Debug|Any CPU.ActiveCfg = Debug|Any CPU
		{4245689F-3DF7-448C-8F18-C7460C464C01}.Debug|Any CPU.Build.0 = Debug|Any CPU
		{4245689F-3DF7-448C-8F18-C7460C464C01}.Debug|iPhone.ActiveCfg = Debug|Any CPU
		{4245689F-3DF7-448C-8F18-C7460C464C01}.Debug|iPhone.Build.0 = Debug|Any CPU
		{4245689F-3DF7-448C-8F18-C7460C464C01}.Debug|iPhoneSimulator.ActiveCfg = Debug|Any CPU
		{4245689F-3DF7-448C-8F18-C7460C464C01}.Debug|iPhoneSimulator.Build.0 = Debug|Any CPU
		{4245689F-3DF7-448C-8F18-C7460C464C01}.Release|Any CPU.ActiveCfg = Release|Any CPU
		{4245689F-3DF7-448C-8F18-C7460C464C01}.Release|Any CPU.Build.0 = Release|Any CPU
		{4245689F-3DF7-448C-8F18-C7460C464C01}.Release|iPhone.ActiveCfg = Release|Any CPU
		{4245689F-3DF7-448C-8F18-C7460C464C01}.Release|iPhone.Build.0 = Release|Any CPU
		{4245689F-3DF7-448C-8F18-C7460C464C01}.Release|iPhoneSimulator.ActiveCfg = Release|Any CPU
		{4245689F-3DF7-448C-8F18-C7460C464C01}.Release|iPhoneSimulator.Build.0 = Release|Any CPU
		{2EAC0393-91DE-40D3-8BD2-DFADF3450537}.Ad-Hoc|Any CPU.ActiveCfg = Release|Any CPU
		{2EAC0393-91DE-40D3-8BD2-DFADF3450537}.Ad-Hoc|Any CPU.Build.0 = Release|Any CPU
		{2EAC0393-91DE-40D3-8BD2-DFADF3450537}.Ad-Hoc|Any CPU.Deploy.0 = Release|Any CPU
		{2EAC0393-91DE-40D3-8BD2-DFADF3450537}.Ad-Hoc|iPhone.ActiveCfg = Release|Any CPU
		{2EAC0393-91DE-40D3-8BD2-DFADF3450537}.Ad-Hoc|iPhone.Build.0 = Release|Any CPU
		{2EAC0393-91DE-40D3-8BD2-DFADF3450537}.Ad-Hoc|iPhone.Deploy.0 = Release|Any CPU
		{2EAC0393-91DE-40D3-8BD2-DFADF3450537}.Ad-Hoc|iPhoneSimulator.ActiveCfg = Release|Any CPU
		{2EAC0393-91DE-40D3-8BD2-DFADF3450537}.Ad-Hoc|iPhoneSimulator.Build.0 = Release|Any CPU
		{2EAC0393-91DE-40D3-8BD2-DFADF3450537}.Ad-Hoc|iPhoneSimulator.Deploy.0 = Release|Any CPU
		{2EAC0393-91DE-40D3-8BD2-DFADF3450537}.AppStore|Any CPU.ActiveCfg = Release|Any CPU
		{2EAC0393-91DE-40D3-8BD2-DFADF3450537}.AppStore|Any CPU.Build.0 = Release|Any CPU
		{2EAC0393-91DE-40D3-8BD2-DFADF3450537}.AppStore|Any CPU.Deploy.0 = Release|Any CPU
		{2EAC0393-91DE-40D3-8BD2-DFADF3450537}.AppStore|iPhone.ActiveCfg = Release|Any CPU
		{2EAC0393-91DE-40D3-8BD2-DFADF3450537}.AppStore|iPhone.Build.0 = Release|Any CPU
		{2EAC0393-91DE-40D3-8BD2-DFADF3450537}.AppStore|iPhone.Deploy.0 = Release|Any CPU
		{2EAC0393-91DE-40D3-8BD2-DFADF3450537}.AppStore|iPhoneSimulator.ActiveCfg = Release|Any CPU
		{2EAC0393-91DE-40D3-8BD2-DFADF3450537}.AppStore|iPhoneSimulator.Build.0 = Release|Any CPU
		{2EAC0393-91DE-40D3-8BD2-DFADF3450537}.AppStore|iPhoneSimulator.Deploy.0 = Release|Any CPU
		{2EAC0393-91DE-40D3-8BD2-DFADF3450537}.Debug|Any CPU.ActiveCfg = Debug|Any CPU
		{2EAC0393-91DE-40D3-8BD2-DFADF3450537}.Debug|Any CPU.Build.0 = Debug|Any CPU
		{2EAC0393-91DE-40D3-8BD2-DFADF3450537}.Debug|Any CPU.Deploy.0 = Debug|Any CPU
		{2EAC0393-91DE-40D3-8BD2-DFADF3450537}.Debug|iPhone.ActiveCfg = Debug|Any CPU
		{2EAC0393-91DE-40D3-8BD2-DFADF3450537}.Debug|iPhone.Build.0 = Debug|Any CPU
		{2EAC0393-91DE-40D3-8BD2-DFADF3450537}.Debug|iPhone.Deploy.0 = Debug|Any CPU
		{2EAC0393-91DE-40D3-8BD2-DFADF3450537}.Debug|iPhoneSimulator.ActiveCfg = Debug|Any CPU
		{2EAC0393-91DE-40D3-8BD2-DFADF3450537}.Debug|iPhoneSimulator.Build.0 = Debug|Any CPU
		{2EAC0393-91DE-40D3-8BD2-DFADF3450537}.Debug|iPhoneSimulator.Deploy.0 = Debug|Any CPU
		{2EAC0393-91DE-40D3-8BD2-DFADF3450537}.Release|Any CPU.ActiveCfg = Release|Any CPU
		{2EAC0393-91DE-40D3-8BD2-DFADF3450537}.Release|Any CPU.Build.0 = Release|Any CPU
		{2EAC0393-91DE-40D3-8BD2-DFADF3450537}.Release|Any CPU.Deploy.0 = Release|Any CPU
		{2EAC0393-91DE-40D3-8BD2-DFADF3450537}.Release|iPhone.ActiveCfg = Release|Any CPU
		{2EAC0393-91DE-40D3-8BD2-DFADF3450537}.Release|iPhone.Build.0 = Release|Any CPU
		{2EAC0393-91DE-40D3-8BD2-DFADF3450537}.Release|iPhone.Deploy.0 = Release|Any CPU
		{2EAC0393-91DE-40D3-8BD2-DFADF3450537}.Release|iPhoneSimulator.ActiveCfg = Release|Any CPU
		{2EAC0393-91DE-40D3-8BD2-DFADF3450537}.Release|iPhoneSimulator.Build.0 = Release|Any CPU
		{2EAC0393-91DE-40D3-8BD2-DFADF3450537}.Release|iPhoneSimulator.Deploy.0 = Release|Any CPU
		{EBB07702-D92B-4534-836E-97CB04CD511C}.Ad-Hoc|Any CPU.ActiveCfg = Ad-Hoc|iPhone
		{EBB07702-D92B-4534-836E-97CB04CD511C}.Ad-Hoc|iPhone.ActiveCfg = Ad-Hoc|iPhone
		{EBB07702-D92B-4534-836E-97CB04CD511C}.Ad-Hoc|iPhone.Build.0 = Ad-Hoc|iPhone
		{EBB07702-D92B-4534-836E-97CB04CD511C}.Ad-Hoc|iPhoneSimulator.ActiveCfg = Ad-Hoc|iPhoneSimulator
		{EBB07702-D92B-4534-836E-97CB04CD511C}.Ad-Hoc|iPhoneSimulator.Build.0 = Ad-Hoc|iPhoneSimulator
		{EBB07702-D92B-4534-836E-97CB04CD511C}.AppStore|Any CPU.ActiveCfg = AppStore|iPhone
		{EBB07702-D92B-4534-836E-97CB04CD511C}.AppStore|iPhone.ActiveCfg = AppStore|iPhone
		{EBB07702-D92B-4534-836E-97CB04CD511C}.AppStore|iPhone.Build.0 = AppStore|iPhone
		{EBB07702-D92B-4534-836E-97CB04CD511C}.AppStore|iPhoneSimulator.ActiveCfg = AppStore|iPhoneSimulator
		{EBB07702-D92B-4534-836E-97CB04CD511C}.AppStore|iPhoneSimulator.Build.0 = AppStore|iPhoneSimulator
		{EBB07702-D92B-4534-836E-97CB04CD511C}.Debug|Any CPU.ActiveCfg = Debug|iPhone
		{EBB07702-D92B-4534-836E-97CB04CD511C}.Debug|iPhone.ActiveCfg = Debug|iPhone
		{EBB07702-D92B-4534-836E-97CB04CD511C}.Debug|iPhone.Build.0 = Debug|iPhone
		{EBB07702-D92B-4534-836E-97CB04CD511C}.Debug|iPhoneSimulator.ActiveCfg = Debug|iPhoneSimulator
		{EBB07702-D92B-4534-836E-97CB04CD511C}.Debug|iPhoneSimulator.Build.0 = Debug|iPhoneSimulator
		{EBB07702-D92B-4534-836E-97CB04CD511C}.Release|Any CPU.ActiveCfg = Release|iPhone
		{EBB07702-D92B-4534-836E-97CB04CD511C}.Release|iPhone.ActiveCfg = Release|iPhone
		{EBB07702-D92B-4534-836E-97CB04CD511C}.Release|iPhone.Build.0 = Release|iPhone
		{EBB07702-D92B-4534-836E-97CB04CD511C}.Release|iPhoneSimulator.ActiveCfg = Release|iPhoneSimulator
		{EBB07702-D92B-4534-836E-97CB04CD511C}.Release|iPhoneSimulator.Build.0 = Release|iPhoneSimulator
		{2D8B7E3B-59B9-4395-9A45-01B514DA8E72}.Ad-Hoc|Any CPU.ActiveCfg = Debug|Any CPU
		{2D8B7E3B-59B9-4395-9A45-01B514DA8E72}.Ad-Hoc|Any CPU.Build.0 = Debug|Any CPU
		{2D8B7E3B-59B9-4395-9A45-01B514DA8E72}.Ad-Hoc|iPhone.ActiveCfg = Debug|Any CPU
		{2D8B7E3B-59B9-4395-9A45-01B514DA8E72}.Ad-Hoc|iPhone.Build.0 = Debug|Any CPU
		{2D8B7E3B-59B9-4395-9A45-01B514DA8E72}.Ad-Hoc|iPhoneSimulator.ActiveCfg = Debug|Any CPU
		{2D8B7E3B-59B9-4395-9A45-01B514DA8E72}.Ad-Hoc|iPhoneSimulator.Build.0 = Debug|Any CPU
		{2D8B7E3B-59B9-4395-9A45-01B514DA8E72}.AppStore|Any CPU.ActiveCfg = Debug|Any CPU
		{2D8B7E3B-59B9-4395-9A45-01B514DA8E72}.AppStore|Any CPU.Build.0 = Debug|Any CPU
		{2D8B7E3B-59B9-4395-9A45-01B514DA8E72}.AppStore|iPhone.ActiveCfg = Debug|Any CPU
		{2D8B7E3B-59B9-4395-9A45-01B514DA8E72}.AppStore|iPhone.Build.0 = Debug|Any CPU
		{2D8B7E3B-59B9-4395-9A45-01B514DA8E72}.AppStore|iPhoneSimulator.ActiveCfg = Debug|Any CPU
		{2D8B7E3B-59B9-4395-9A45-01B514DA8E72}.AppStore|iPhoneSimulator.Build.0 = Debug|Any CPU
		{2D8B7E3B-59B9-4395-9A45-01B514DA8E72}.Debug|Any CPU.ActiveCfg = Debug|Any CPU
		{2D8B7E3B-59B9-4395-9A45-01B514DA8E72}.Debug|Any CPU.Build.0 = Debug|Any CPU
		{2D8B7E3B-59B9-4395-9A45-01B514DA8E72}.Debug|iPhone.ActiveCfg = Debug|Any CPU
		{2D8B7E3B-59B9-4395-9A45-01B514DA8E72}.Debug|iPhone.Build.0 = Debug|Any CPU
		{2D8B7E3B-59B9-4395-9A45-01B514DA8E72}.Debug|iPhoneSimulator.ActiveCfg = Debug|Any CPU
		{2D8B7E3B-59B9-4395-9A45-01B514DA8E72}.Debug|iPhoneSimulator.Build.0 = Debug|Any CPU
		{2D8B7E3B-59B9-4395-9A45-01B514DA8E72}.Release|Any CPU.ActiveCfg = Release|Any CPU
		{2D8B7E3B-59B9-4395-9A45-01B514DA8E72}.Release|Any CPU.Build.0 = Release|Any CPU
		{2D8B7E3B-59B9-4395-9A45-01B514DA8E72}.Release|iPhone.ActiveCfg = Release|Any CPU
		{2D8B7E3B-59B9-4395-9A45-01B514DA8E72}.Release|iPhone.Build.0 = Release|Any CPU
		{2D8B7E3B-59B9-4395-9A45-01B514DA8E72}.Release|iPhoneSimulator.ActiveCfg = Release|Any CPU
		{2D8B7E3B-59B9-4395-9A45-01B514DA8E72}.Release|iPhoneSimulator.Build.0 = Release|Any CPU
		{BA4D4936-A08C-4DA4-8C5D-2A35BB679971}.Ad-Hoc|Any CPU.ActiveCfg = Release|Any CPU
		{BA4D4936-A08C-4DA4-8C5D-2A35BB679971}.Ad-Hoc|Any CPU.Build.0 = Release|Any CPU
		{BA4D4936-A08C-4DA4-8C5D-2A35BB679971}.Ad-Hoc|iPhone.ActiveCfg = Release|Any CPU
		{BA4D4936-A08C-4DA4-8C5D-2A35BB679971}.Ad-Hoc|iPhone.Build.0 = Release|Any CPU
		{BA4D4936-A08C-4DA4-8C5D-2A35BB679971}.Ad-Hoc|iPhoneSimulator.ActiveCfg = Release|Any CPU
		{BA4D4936-A08C-4DA4-8C5D-2A35BB679971}.Ad-Hoc|iPhoneSimulator.Build.0 = Release|Any CPU
		{BA4D4936-A08C-4DA4-8C5D-2A35BB679971}.AppStore|Any CPU.ActiveCfg = Release|Any CPU
		{BA4D4936-A08C-4DA4-8C5D-2A35BB679971}.AppStore|Any CPU.Build.0 = Release|Any CPU
		{BA4D4936-A08C-4DA4-8C5D-2A35BB679971}.AppStore|iPhone.ActiveCfg = Release|Any CPU
		{BA4D4936-A08C-4DA4-8C5D-2A35BB679971}.AppStore|iPhone.Build.0 = Release|Any CPU
		{BA4D4936-A08C-4DA4-8C5D-2A35BB679971}.AppStore|iPhoneSimulator.ActiveCfg = Release|Any CPU
		{BA4D4936-A08C-4DA4-8C5D-2A35BB679971}.AppStore|iPhoneSimulator.Build.0 = Release|Any CPU
		{BA4D4936-A08C-4DA4-8C5D-2A35BB679971}.Debug|Any CPU.ActiveCfg = Debug|Any CPU
		{BA4D4936-A08C-4DA4-8C5D-2A35BB679971}.Debug|Any CPU.Build.0 = Debug|Any CPU
		{BA4D4936-A08C-4DA4-8C5D-2A35BB679971}.Debug|iPhone.ActiveCfg = Debug|Any CPU
		{BA4D4936-A08C-4DA4-8C5D-2A35BB679971}.Debug|iPhone.Build.0 = Debug|Any CPU
		{BA4D4936-A08C-4DA4-8C5D-2A35BB679971}.Debug|iPhoneSimulator.ActiveCfg = Debug|Any CPU
		{BA4D4936-A08C-4DA4-8C5D-2A35BB679971}.Debug|iPhoneSimulator.Build.0 = Debug|Any CPU
		{BA4D4936-A08C-4DA4-8C5D-2A35BB679971}.Release|Any CPU.ActiveCfg = Release|Any CPU
		{BA4D4936-A08C-4DA4-8C5D-2A35BB679971}.Release|Any CPU.Build.0 = Release|Any CPU
		{BA4D4936-A08C-4DA4-8C5D-2A35BB679971}.Release|iPhone.ActiveCfg = Release|Any CPU
		{BA4D4936-A08C-4DA4-8C5D-2A35BB679971}.Release|iPhone.Build.0 = Release|Any CPU
		{BA4D4936-A08C-4DA4-8C5D-2A35BB679971}.Release|iPhoneSimulator.ActiveCfg = Release|Any CPU
		{BA4D4936-A08C-4DA4-8C5D-2A35BB679971}.Release|iPhoneSimulator.Build.0 = Release|Any CPU
	EndGlobalSection
	GlobalSection(SolutionProperties) = preSolution
		HideSolutionNode = FALSE
	EndGlobalSection
	GlobalSection(NestedProjects) = preSolution
		{4245689F-3DF7-448C-8F18-C7460C464C01} = {60A27B8B-EFEB-487D-B9F2-29182E6A31BE}
		{2EAC0393-91DE-40D3-8BD2-DFADF3450537} = {60A27B8B-EFEB-487D-B9F2-29182E6A31BE}
		{EBB07702-D92B-4534-836E-97CB04CD511C} = {60A27B8B-EFEB-487D-B9F2-29182E6A31BE}
		{BA4D4936-A08C-4DA4-8C5D-2A35BB679971} = {AD35610F-5762-40BF-97D3-F3E92C9F83A9}
	EndGlobalSection
	GlobalSection(ExtensibilityGlobals) = postSolution
		SolutionGuid = {AE19BD26-E9A6-4C00-A873-80AD50A048EA}
	EndGlobalSection
EndGlobal
